
Microsoft Visual Studio Solution File, Format Version 12.00
# Visual Studio Version 17
VisualStudioVersion = 17.6.33815.320
MinimumVisualStudioVersion = 10.0.40219.1
Project("{FAE04EC0-301F-11D3-BF4B-00C04F79EFBC}") = "WebApplication1", "WebApplication1\WebApplication1.csproj", "{10442122-7A46-45E9-99FE-9BA83A848630}"
EndProject
Global
	GlobalSection(SolutionConfigurationPlatforms) = preSolution
		Debug|Any CPU = Debug|Any CPU
		Release|Any CPU = Release|Any CPU
	EndGlobalSection
	GlobalSection(ProjectConfigurationPlatforms) = postSolution
		{10442122-7A46-45E9-99FE-9BA83A848630}.Debug|Any CPU.ActiveCfg = Debug|Any CPU
		{10442122-7A46-45E9-99FE-9BA83A848630}.Debug|Any CPU.Build.0 = Debug|Any CPU
		{10442122-7A46-45E9-99FE-9BA83A848630}.Release|Any CPU.ActiveCfg = Release|Any CPU
		{10442122-7A46-45E9-99FE-9BA83A848630}.Release|Any CPU.Build.0 = Release|Any CPU
	EndGlobalSection
	GlobalSection(SolutionProperties) = preSolution
		HideSolutionNode = FALSE
	EndGlobalSection
	GlobalSection(ExtensibilityGlobals) = postSolution
		SolutionGuid = {E5D885D1-2CC0-4169-BBAE-AC7F6ABE7FD5}
	EndGlobalSection
EndGlobal
